{
    "_meta": {
        "hash": {
          "sha256": "3395e12bf2e4f01fdd0b1cb8001a3bd2454ade3b41bf6ac68e69f69e68b70294"        },
        "pipfile-spec": 6,
        "requires": {
            "python_version": "3.10"
        },
        "sources": [
            {
                "name": "pypi",
                "url": "https://pypi.org/simple",
                "verify_ssl": true
            }
        ]
    },

    "develop": {}
}
